
Microsoft Visual Studio Solution File, Format Version 12.00
# Visual Studio Version 16
VisualStudioVersion = 16.0.31019.35
MinimumVisualStudioVersion = 10.0.40219.1
Project("{FAE04EC0-301F-11D3-BF4B-00C04F79EFBC}") = "Consola.UI", "Consola.UI\Consola.UI.csproj", "{B9F8A522-7268-42FA-9404-7442657070E2}"
EndProject
Project("{FAE04EC0-301F-11D3-BF4B-00C04F79EFBC}") = "Calculadora.Negocio", "Calculadora.Negocio\Calculadora.Negocio.csproj", "{017F8DB2-4A99-4F2B-B358-AE912759D36E}"
EndProject
Project("{FAE04EC0-301F-11D3-BF4B-00C04F79EFBC}") = "Calculadora.Tests", "Calculadora.Tests\Calculadora.Tests.csproj", "{ADE2FEB4-E023-478A-8FB6-E03DAD0D35F8}"
EndProject
Global
	GlobalSection(SolutionConfigurationPlatforms) = preSolution
		Debug|Any CPU = Debug|Any CPU
		Release|Any CPU = Release|Any CPU
	EndGlobalSection
	GlobalSection(ProjectConfigurationPlatforms) = postSolution
		{B9F8A522-7268-42FA-9404-7442657070E2}.Debug|Any CPU.ActiveCfg = Debug|Any CPU
		{B9F8A522-7268-42FA-9404-7442657070E2}.Debug|Any CPU.Build.0 = Debug|Any CPU
		{B9F8A522-7268-42FA-9404-7442657070E2}.Release|Any CPU.ActiveCfg = Release|Any CPU
		{B9F8A522-7268-42FA-9404-7442657070E2}.Release|Any CPU.Build.0 = Release|Any CPU
		{017F8DB2-4A99-4F2B-B358-AE912759D36E}.Debug|Any CPU.ActiveCfg = Debug|Any CPU
		{017F8DB2-4A99-4F2B-B358-AE912759D36E}.Debug|Any CPU.Build.0 = Debug|Any CPU
		{017F8DB2-4A99-4F2B-B358-AE912759D36E}.Release|Any CPU.ActiveCfg = Release|Any CPU
		{017F8DB2-4A99-4F2B-B358-AE912759D36E}.Release|Any CPU.Build.0 = Release|Any CPU
		{ADE2FEB4-E023-478A-8FB6-E03DAD0D35F8}.Debug|Any CPU.ActiveCfg = Debug|Any CPU
		{ADE2FEB4-E023-478A-8FB6-E03DAD0D35F8}.Debug|Any CPU.Build.0 = Debug|Any CPU
		{ADE2FEB4-E023-478A-8FB6-E03DAD0D35F8}.Release|Any CPU.ActiveCfg = Release|Any CPU
		{ADE2FEB4-E023-478A-8FB6-E03DAD0D35F8}.Release|Any CPU.Build.0 = Release|Any CPU
	EndGlobalSection
	GlobalSection(SolutionProperties) = preSolution
		HideSolutionNode = FALSE
	EndGlobalSection
	GlobalSection(ExtensibilityGlobals) = postSolution
		SolutionGuid = {B34677AB-C587-41D0-8C31-429C1A989E72}
	EndGlobalSection
EndGlobal
